PODS:
  - MMWormhole (2.0.0):
    - MMWormhole/Core (= 2.0.0)
  - MMWormhole/Core (2.0.0)
  - SwiftyJSON (3.0.0)

DEPENDENCIES:
  - MMWormhole (~> 2.0.0)
  - SwiftyJSON (= 3.0.0)

SPEC CHECKSUMS:
  MMWormhole: 0cd3fd35a9118b2e2d762b499f54eeaace0be791
  SwiftyJSON: f57b2b44bc166617372d1c70773591fe9f0f5fd4

PODFILE CHECKSUM: d74f6b1c44ccc7e3699dd67d0009a00d8af6c1a0

COCOAPODS: 1.1.0.rc.2
