PODS:
  - MMWormhole (2.0.0):
    - MMWormhole/Core (= 2.0.0)
  - MMWormhole/Core (2.0.0)
  - Presentr (1.0.0)
  - SimpleButton (2.2)
  - SwiftyJSON (3.0.0)

DEPENDENCIES:
  - MMWormhole (~> 2.0.0)
  - Presentr (= 1.0.0)
  - SimpleButton (from `https://github.com/aloco/SimpleButton.git`, branch `swift-3.0`)
  - SwiftyJSON (= 3.0.0)

EXTERNAL SOURCES:
  SimpleButton:
    :branch: swift-3.0
    :git: https://github.com/aloco/SimpleButton.git

CHECKOUT OPTIONS:
  SimpleButton:
    :commit: ec063135652166203e82f64b2efd2de1723d8fa1
    :git: https://github.com/aloco/SimpleButton.git

SPEC CHECKSUMS:
  MMWormhole: 0cd3fd35a9118b2e2d762b499f54eeaace0be791
  Presentr: aecad4c648e51a434b38cab602d314a26d6453d0
  SimpleButton: 2ffba3dbb0ca8eeaad6dc722c3bef97d05afcf10
  SwiftyJSON: f57b2b44bc166617372d1c70773591fe9f0f5fd4

PODFILE CHECKSUM: 185b9f8a38552e9f2f5c94adc7040f86a4d481d7

COCOAPODS: 1.1.0.rc.2
